<?xml version="1.0" encoding="utf-8"?>
<Project ToolsVersion="4.0" xmlns="http://schemas.microsoft.com/developer/msbuild/2003">
  <ItemGroup>
    <Filter Include="Audio">
      <UniqueIdentifier>{9718D90C-032D-01BE-CCAE-A41D3882FDEE}</UniqueIdentifier>
    </Filter>
    <Filter Include="Collections">
      <UniqueIdentifier>{04E49EB1-7099-17A7-F98D-117E65420EAB}</UniqueIdentifier>
    </Filter>
    <Filter Include="Components">
      <UniqueIdentifier>{6B7DD516-5735-1764-C03C-F0BFAC13B254}</UniqueIdentifier>
    </Filter>
    <Filter Include="Components\Audio">
      <UniqueIdentifier>{AC2F53F1-9828-7243-C15A-57C8ADB2514F}</UniqueIdentifier>
    </Filter>
    <Filter Include="Components\General">
      <UniqueIdentifier>{588A1B3C-446E-DC91-ADCE-D6E499D1C613}</UniqueIdentifier>
    </Filter>
    <Filter Include="Components\Graphics">
      <UniqueIdentifier>{0B8EB08A-77EF-8D98-005D-D44A6CBDC457}</UniqueIdentifier>
    </Filter>
    <Filter Include="Components\Physics">
      <UniqueIdentifier>{DDBBB5F8-C99F-764E-3200-71A11E0361D0}</UniqueIdentifier>
    </Filter>
    <Filter Include="Core">
      <UniqueIdentifier>{2EB4837C-1AEB-840D-C3D7-6A10AFED000F}</UniqueIdentifier>
    </Filter>
    <Filter Include="Debugging">
      <UniqueIdentifier>{51835CA9-BDED-1020-062C-C2C572D5EE74}</UniqueIdentifier>
    </Filter>
    <Filter Include="External">
      <UniqueIdentifier>{089DB854-F469-1360-1D83-010809AF48EE}</UniqueIdentifier>
    </Filter>
    <Filter Include="External\Glad">
      <UniqueIdentifier>{EF48C757-5B09-438E-2444-8C0B90C3876A}</UniqueIdentifier>
    </Filter>
    <Filter Include="Graphics">
      <UniqueIdentifier>{1653CE33-0220-293F-2B39-17E717655ECD}</UniqueIdentifier>
    </Filter>
    <Filter Include="Gui">
      <UniqueIdentifier>{6AF0870B-D6F9-877C-5F75-9E7CCB7D937C}</UniqueIdentifier>
    </Filter>
    <Filter Include="Math">
      <UniqueIdentifier>{AFF4887C-9B2B-8A0D-4418-7010302E060F}</UniqueIdentifier>
    </Filter>
    <Filter Include="Physics">
      <UniqueIdentifier>{888B590D-F46A-D8A8-FD82-637F69E13E0A}</UniqueIdentifier>
    </Filter>
    <Filter Include="Scene">
      <UniqueIdentifier>{B3F7140E-1F0C-3DBF-E88D-E01E546139F0}</UniqueIdentifier>
    </Filter>
    <Filter Include="Serialization">
      <UniqueIdentifier>{2319AF09-8FD9-2A40-5814-74BDC4936F1C}</UniqueIdentifier>
    </Filter>
    <Filter Include="Systems">
      <UniqueIdentifier>{1DDE831B-89BD-02B7-92D5-8D8DFE336918}</UniqueIdentifier>
    </Filter>
    <Filter Include="Utils">
      <UniqueIdentifier>{F68B420E-62A0-6ABF-2B22-0E1F97F566F0}</UniqueIdentifier>
    </Filter>
  </ItemGroup>
  <ItemGroup>
    <ClInclude Include="Src\Audio\Audio.hpp">
      <Filter>Audio</Filter>
    </ClInclude>
    <ClInclude Include="Src\Audio\AudioHandle.hpp">
      <Filter>Audio</Filter>
    </ClInclude>
    <ClInclude Include="Src\Audio\AudioManager.hpp">
      <Filter>Audio</Filter>
    </ClInclude>
    <ClInclude Include="Src\Bolt.hpp" />
    <ClInclude Include="Src\Collections\AABB.hpp">
      <Filter>Collections</Filter>
    </ClInclude>
    <ClInclude Include="Src\Collections\Color.hpp">
      <Filter>Collections</Filter>
    </ClInclude>
    <ClInclude Include="Src\Collections\Ids.hpp">
      <Filter>Collections</Filter>
    </ClInclude>
    <ClInclude Include="Src\Collections\Mat2.hpp">
      <Filter>Collections</Filter>
    </ClInclude>
    <ClInclude Include="Src\Collections\Quaternion.hpp">
      <Filter>Collections</Filter>
    </ClInclude>
    <ClInclude Include="Src\Collections\Vec2.hpp">
      <Filter>Collections</Filter>
    </ClInclude>
    <ClInclude Include="Src\Collections\Vec4.hpp">
      <Filter>Collections</Filter>
    </ClInclude>
    <ClInclude Include="Src\Collections\Viewport.hpp">
      <Filter>Collections</Filter>
    </ClInclude>
    <ClInclude Include="Src\Components\Audio\AudioSourceComponent.hpp">
      <Filter>Components\Audio</Filter>
    </ClInclude>
    <ClInclude Include="Src\Components\ComponentUtils.hpp">
      <Filter>Components</Filter>
    </ClInclude>
    <ClInclude Include="Src\Components\Components.hpp">
      <Filter>Components</Filter>
    </ClInclude>
    <ClInclude Include="Src\Components\General\IDComponent.hpp">
      <Filter>Components\General</Filter>
    </ClInclude>
    <ClInclude Include="Src\Components\General\NameComponent.hpp">
      <Filter>Components\General</Filter>
    </ClInclude>
    <ClInclude Include="Src\Components\General\RectTransformComponent.hpp">
      <Filter>Components\General</Filter>
    </ClInclude>
    <ClInclude Include="Src\Components\General\Transform2DComponent.hpp">
      <Filter>Components\General</Filter>
    </ClInclude>
    <ClInclude Include="Src\Components\Graphics\Camera2DComponent.hpp">
      <Filter>Components\Graphics</Filter>
    </ClInclude>
    <ClInclude Include="Src\Components\Graphics\ImageComponent.hpp">
      <Filter>Components\Graphics</Filter>
    </ClInclude>
    <ClInclude Include="Src\Components\Graphics\ParticleSystem2DComponent.hpp">
      <Filter>Components\Graphics</Filter>
    </ClInclude>
    <ClInclude Include="Src\Components\Graphics\SpriteRendererComponent.hpp">
      <Filter>Components\Graphics</Filter>
    </ClInclude>
    <ClInclude Include="Src\Components\Physics\BoxCollider2DComponent.hpp">
      <Filter>Components\Physics</Filter>
    </ClInclude>
    <ClInclude Include="Src\Components\Physics\Collider2D.hpp">
      <Filter>Components\Physics</Filter>
    </ClInclude>
    <ClInclude Include="Src\Components\Physics\Rigidbody2DComponent.hpp">
      <Filter>Components\Physics</Filter>
    </ClInclude>
    <ClInclude Include="Src\Components\Tags.hpp">
      <Filter>Components</Filter>
    </ClInclude>
    <ClInclude Include="Src\Core\Application.hpp">
      <Filter>Core</Filter>
    </ClInclude>
    <ClInclude Include="Src\Core\Assert.hpp">
      <Filter>Core</Filter>
    </ClInclude>
    <ClInclude Include="Src\Core\Base.hpp">
      <Filter>Core</Filter>
    </ClInclude>
    <ClInclude Include="Src\Core\Exceptions.hpp">
      <Filter>Core</Filter>
    </ClInclude>
    <ClInclude Include="Src\Core\Export.hpp">
      <Filter>Core</Filter>
    </ClInclude>
    <ClInclude Include="Src\Core\Input.hpp">
      <Filter>Core</Filter>
    </ClInclude>
    <ClInclude Include="Src\Core\KeyCodes.hpp">
      <Filter>Core</Filter>
    </ClInclude>
    <ClInclude Include="Src\Core\Log.hpp">
      <Filter>Core</Filter>
    </ClInclude>
    <ClInclude Include="Src\Core\LogCustomFormatters.hpp">
      <Filter>Core</Filter>
    </ClInclude>
    <ClInclude Include="Src\Core\Memory.hpp">
      <Filter>Core</Filter>
    </ClInclude>
    <ClInclude Include="Src\Core\MetaHelpers.hpp">
      <Filter>Core</Filter>
    </ClInclude>
    <ClInclude Include="Src\Core\SingleInstance.hpp">
      <Filter>Core</Filter>
    </ClInclude>
    <ClInclude Include="Src\Core\Time.hpp">
      <Filter>Core</Filter>
    </ClInclude>
    <ClInclude Include="Src\Core\TypeRegistry.hpp">
      <Filter>Core</Filter>
    </ClInclude>
    <ClInclude Include="Src\Core\UUID.hpp">
      <Filter>Core</Filter>
    </ClInclude>
    <ClInclude Include="Src\Core\Version.hpp">
      <Filter>Core</Filter>
    </ClInclude>
    <ClInclude Include="Src\Core\Window.hpp">
      <Filter>Core</Filter>
    </ClInclude>
    <ClInclude Include="Src\Debugging\Logger.hpp">
      <Filter>Debugging</Filter>
    </ClInclude>
    <ClInclude Include="Src\EntryPoint.hpp" />
    <ClInclude Include="Src\Graphics\GizmoRenderer.hpp">
      <Filter>Graphics</Filter>
    </ClInclude>
    <ClInclude Include="Src\Graphics\Gizmos.hpp">
      <Filter>Graphics</Filter>
    </ClInclude>
    <ClInclude Include="Src\Graphics\Instance44.hpp">
      <Filter>Graphics</Filter>
    </ClInclude>
    <ClInclude Include="Src\Graphics\OpenGL.hpp">
      <Filter>Graphics</Filter>
    </ClInclude>
    <ClInclude Include="Src\Graphics\QuadMesh.hpp">
      <Filter>Graphics</Filter>
    </ClInclude>
    <ClInclude Include="Src\Graphics\Renderer2D.hpp">
      <Filter>Graphics</Filter>
    </ClInclude>
    <ClInclude Include="Src\Graphics\Shader.hpp">
      <Filter>Graphics</Filter>
    </ClInclude>
    <ClInclude Include="Src\Graphics\ShaderManager.hpp">
      <Filter>Graphics</Filter>
    </ClInclude>
    <ClInclude Include="Src\Graphics\SpriteShaderProgram.hpp">
      <Filter>Graphics</Filter>
    </ClInclude>
    <ClInclude Include="Src\Graphics\Texture2D.hpp">
      <Filter>Graphics</Filter>
    </ClInclude>
    <ClInclude Include="Src\Graphics\TextureHandle.hpp">
      <Filter>Graphics</Filter>
    </ClInclude>
    <ClInclude Include="Src\Graphics\TextureManager.hpp">
      <Filter>Graphics</Filter>
    </ClInclude>
    <ClInclude Include="Src\Gui\GuiRenderer.hpp">
      <Filter>Gui</Filter>
    </ClInclude>
    <ClInclude Include="Src\Gui\ImGuiRenderer.hpp">
      <Filter>Gui</Filter>
    </ClInclude>
    <ClInclude Include="Src\Math\Common.hpp">
      <Filter>Math</Filter>
    </ClInclude>
    <ClInclude Include="Src\Math\Math.hpp">
      <Filter>Math</Filter>
    </ClInclude>
    <ClInclude Include="Src\Math\Random.hpp">
      <Filter>Math</Filter>
    </ClInclude>
    <ClInclude Include="Src\Math\Trigonometry.hpp">
      <Filter>Math</Filter>
    </ClInclude>
    <ClInclude Include="Src\Math\VectorMath.hpp">
      <Filter>Math</Filter>
    </ClInclude>
    <ClInclude Include="Src\Physics\Box2DWorld.hpp">
      <Filter>Physics</Filter>
    </ClInclude>
    <ClInclude Include="Src\Physics\Collision2D.hpp">
      <Filter>Physics</Filter>
    </ClInclude>
    <ClInclude Include="Src\Physics\CollisionDispatcher.hpp">
      <Filter>Physics</Filter>
    </ClInclude>
    <ClInclude Include="Src\Physics\Physics2D.hpp">
      <Filter>Physics</Filter>
    </ClInclude>
    <ClInclude Include="Src\Physics\PhysicsSystem2D.hpp">
      <Filter>Physics</Filter>
    </ClInclude>
    <ClInclude Include="Src\Physics\PhysicsTypes.hpp">
      <Filter>Physics</Filter>
    </ClInclude>
    <ClInclude Include="Src\Physics\PhysicsUtility.hpp">
      <Filter>Physics</Filter>
    </ClInclude>
    <ClInclude Include="Src\Scene\BuiltInComponentRegistration.hpp">
      <Filter>Scene</Filter>
    </ClInclude>
    <ClInclude Include="Src\Scene\ComponentRegistry.hpp">
      <Filter>Scene</Filter>
    </ClInclude>
    <ClInclude Include="Src\Scene\Entity.hpp">
      <Filter>Scene</Filter>
    </ClInclude>
    <ClInclude Include="Src\Scene\EntityHandle.hpp">
      <Filter>Scene</Filter>
    </ClInclude>
    <ClInclude Include="Src\Scene\EntityHelper.hpp">
      <Filter>Scene</Filter>
    </ClInclude>
    <ClInclude Include="Src\Scene\ISystem.hpp">
      <Filter>Scene</Filter>
    </ClInclude>
    <ClInclude Include="Src\Scene\Scene.hpp">
      <Filter>Scene</Filter>
    </ClInclude>
    <ClInclude Include="Src\Scene\SceneDefinition.hpp">
      <Filter>Scene</Filter>
    </ClInclude>
    <ClInclude Include="Src\Scene\SceneManager.hpp">
      <Filter>Scene</Filter>
    </ClInclude>
    <ClInclude Include="Src\Serialization\Cereal.hpp">
      <Filter>Serialization</Filter>
    </ClInclude>
    <ClInclude Include="Src\Serialization\Directory.hpp">
      <Filter>Serialization</Filter>
    </ClInclude>
    <ClInclude Include="Src\Serialization\File.hpp">
      <Filter>Serialization</Filter>
    </ClInclude>
    <ClInclude Include="Src\Serialization\Path.hpp">
      <Filter>Serialization</Filter>
    </ClInclude>
    <ClInclude Include="Src\Systems\ImGuiDebugSystem.hpp">
      <Filter>Systems</Filter>
    </ClInclude>
    <ClInclude Include="Src\Systems\ImGuiEditorSystem.hpp">
      <Filter>Systems</Filter>
    </ClInclude>
    <ClInclude Include="Src\Systems\ParticleUpdateSystem.hpp">
      <Filter>Systems</Filter>
    </ClInclude>
    <ClInclude Include="Src\Utils\CommandBuffer.hpp">
      <Filter>Utils</Filter>
    </ClInclude>
    <ClInclude Include="Src\Utils\Event.hpp">
      <Filter>Utils</Filter>
    </ClInclude>
    <ClInclude Include="Src\Utils\StringHelper.hpp">
      <Filter>Utils</Filter>
    </ClInclude>
    <ClInclude Include="Src\Utils\Timer.hpp">
      <Filter>Utils</Filter>
    </ClInclude>
    <ClInclude Include="Src\pch.hpp" />
  </ItemGroup>
  <ItemGroup>
    <ClCompile Include="Src\Audio\Audio.cpp">
      <Filter>Audio</Filter>
    </ClCompile>
    <ClCompile Include="Src\Audio\AudioManager.cpp">
      <Filter>Audio</Filter>
    </ClCompile>
    <ClCompile Include="Src\Components\Audio\AudioSourceComponent.cpp">
      <Filter>Components\Audio</Filter>
    </ClCompile>
    <ClCompile Include="Src\Components\General\Transform2DComponent.cpp">
      <Filter>Components\General</Filter>
    </ClCompile>
    <ClCompile Include="Src\Components\Graphics\Camera2DComponent.cpp">
      <Filter>Components\Graphics</Filter>
    </ClCompile>
    <ClCompile Include="Src\Components\Graphics\ParticleSystem2DComponent.cpp">
      <Filter>Components\Graphics</Filter>
    </ClCompile>
    <ClCompile Include="Src\Components\Physics\BoxCollider2DComponent.cpp">
      <Filter>Components\Physics</Filter>
    </ClCompile>
    <ClCompile Include="Src\Components\Physics\Collider2D.cpp">
      <Filter>Components\Physics</Filter>
    </ClCompile>
    <ClCompile Include="Src\Components\Physics\Rigidbody2DComponent.cpp">
      <Filter>Components\Physics</Filter>
    </ClCompile>
    <ClCompile Include="Src\Core\Application.cpp">
      <Filter>Core</Filter>
    </ClCompile>
    <ClCompile Include="Src\Core\Assert.cpp">
      <Filter>Core</Filter>
    </ClCompile>
    <ClCompile Include="Src\Core\Base.cpp">
      <Filter>Core</Filter>
    </ClCompile>
    <ClCompile Include="Src\Core\Exceptions.cpp">
      <Filter>Core</Filter>
    </ClCompile>
    <ClCompile Include="Src\Core\Input.cpp">
      <Filter>Core</Filter>
    </ClCompile>
    <ClCompile Include="Src\Core\Log.cpp">
      <Filter>Core</Filter>
    </ClCompile>
    <ClCompile Include="Src\Core\Memory.cpp">
      <Filter>Core</Filter>
    </ClCompile>
    <ClCompile Include="Src\Core\Time.cpp">
      <Filter>Core</Filter>
    </ClCompile>
    <ClCompile Include="Src\Core\UUID.cpp">
      <Filter>Core</Filter>
    </ClCompile>
    <ClCompile Include="Src\Core\Window.cpp">
      <Filter>Core</Filter>
    </ClCompile>
    <ClCompile Include="Src\Debugging\Logger.cpp">
      <Filter>Debugging</Filter>
    </ClCompile>
    <ClCompile Include="Src\External\Glad\glad.c">
      <Filter>External\Glad</Filter>
    </ClCompile>
    <ClCompile Include="Src\Graphics\GizmoRenderer.cpp">
      <Filter>Graphics</Filter>
    </ClCompile>
    <ClCompile Include="Src\Graphics\Gizmos.cpp">
      <Filter>Graphics</Filter>
    </ClCompile>
    <ClCompile Include="Src\Graphics\OpenGL.cpp">
      <Filter>Graphics</Filter>
    </ClCompile>
    <ClCompile Include="Src\Graphics\QuadMesh.cpp">
      <Filter>Graphics</Filter>
    </ClCompile>
    <ClCompile Include="Src\Graphics\Renderer2D.cpp">
      <Filter>Graphics</Filter>
    </ClCompile>
    <ClCompile Include="Src\Graphics\Shader.cpp">
      <Filter>Graphics</Filter>
    </ClCompile>
    <ClCompile Include="Src\Graphics\SpriteShaderProgram.cpp">
      <Filter>Graphics</Filter>
    </ClCompile>
    <ClCompile Include="Src\Graphics\Texture2D.cpp">
      <Filter>Graphics</Filter>
    </ClCompile>
    <ClCompile Include="Src\Graphics\TextureManager.cpp">
      <Filter>Graphics</Filter>
    </ClCompile>
    <ClCompile Include="Src\Gui\GuiRenderer.cpp">
      <Filter>Gui</Filter>
    </ClCompile>
    <ClCompile Include="Src\Gui\ImGuiRenderer.cpp">
      <Filter>Gui</Filter>
    </ClCompile>
    <ClCompile Include="Src\Math\Random.cpp">
      <Filter>Math</Filter>
    </ClCompile>
    <ClCompile Include="Src\Physics\Box2DWorld.cpp">
      <Filter>Physics</Filter>
    </ClCompile>
    <ClCompile Include="Src\Physics\Physics2D.cpp">
      <Filter>Physics</Filter>
    </ClCompile>
    <ClCompile Include="Src\Physics\PhysicsSystem2D.cpp">
      <Filter>Physics</Filter>
    </ClCompile>
    <ClCompile Include="Src\Physics\PhysicsUtility.cpp">
      <Filter>Physics</Filter>
    </ClCompile>
    <ClCompile Include="Src\Scene\BuiltInComponentRegistration.cpp">
      <Filter>Scene</Filter>
    </ClCompile>
    <ClCompile Include="Src\Scene\Entity.cpp">
      <Filter>Scene</Filter>
    </ClCompile>
    <ClCompile Include="Src\Scene\EntityHelper.cpp">
      <Filter>Scene</Filter>
    </ClCompile>
    <ClCompile Include="Src\Scene\Scene.cpp">
      <Filter>Scene</Filter>
    </ClCompile>
    <ClCompile Include="Src\Scene\SceneDefinition.cpp">
      <Filter>Scene</Filter>
    </ClCompile>
    <ClCompile Include="Src\Scene\SceneManager.cpp">
      <Filter>Scene</Filter>
    </ClCompile>
    <ClCompile Include="Src\Serialization\Directory.cpp">
      <Filter>Serialization</Filter>
    </ClCompile>
    <ClCompile Include="Src\Serialization\File.cpp">
      <Filter>Serialization</Filter>
    </ClCompile>
    <ClCompile Include="Src\Serialization\Path.cpp">
      <Filter>Serialization</Filter>
    </ClCompile>
    <ClCompile Include="Src\Systems\ImGuiDebugSystem.cpp">
      <Filter>Systems</Filter>
    </ClCompile>
    <ClCompile Include="Src\Systems\ImGuiEditorSystem.cpp">
      <Filter>Systems</Filter>
    </ClCompile>
    <ClCompile Include="Src\Systems\ParticleUpdateSystem.cpp">
      <Filter>Systems</Filter>
    </ClCompile>
    <ClCompile Include="Src\pch.cpp" />
  </ItemGroup>
</Project>