<?xml version="1.0" encoding="utf-8"?>
<Project ToolsVersion="4.0" xmlns="http://schemas.microsoft.com/developer/msbuild/2003">
  <ItemGroup>
    <Filter Include="Quelldateien">
      <UniqueIdentifier>{4FC737F1-C7A5-4376-A066-2A32D752A2FF}</UniqueIdentifier>
      <Extensions>cpp;c;cc;cxx;c++;cppm;ixx;def;odl;idl;hpj;bat;asm;asmx</Extensions>
    </Filter>
    <Filter Include="Headerdateien">
      <UniqueIdentifier>{93995380-89BD-4b04-88EB-625FBE52EBFB}</UniqueIdentifier>
      <Extensions>h;hh;hpp;hxx;h++;hm;inl;inc;ipp;xsd</Extensions>
    </Filter>
    <Filter Include="Ressourcendateien">
      <UniqueIdentifier>{67DA6AB6-F800-4c08-8B7A-83BB121AAD01}</UniqueIdentifier>
      <Extensions>rc;ico;cur;bmp;dlg;rc2;rct;bin;rgs;gif;jpg;jpeg;jpe;resx;tiff;tif;png;wav;mfcribbon-ms</Extensions>
    </Filter>
  </ItemGroup>
  <ItemGroup>
    <ClCompile Include="Engine\glad.c">
      <Filter>Quelldateien</Filter>
    </ClCompile>
    <ClCompile Include="Engine\main.cpp">
      <Filter>Quelldateien</Filter>
    </ClCompile>
    <ClCompile Include="Engine\pch.cpp">
      <Filter>Quelldateien</Filter>
    </ClCompile>
    <ClCompile Include="Engine\Audio\Audio.cpp">
      <Filter>Quelldateien</Filter>
    </ClCompile>
    <ClCompile Include="Engine\Audio\AudioManager.cpp">
      <Filter>Quelldateien</Filter>
    </ClCompile>
    <ClCompile Include="Engine\Audio\AudioSource.cpp">
      <Filter>Quelldateien</Filter>
    </ClCompile>
    <ClCompile Include="Engine\Components\BoxCollider2D.cpp">
      <Filter>Quelldateien</Filter>
    </ClCompile>
    <ClCompile Include="Engine\Components\Collider2D.cpp">
      <Filter>Quelldateien</Filter>
    </ClCompile>
    <ClCompile Include="Engine\Components\ParticleSystem2D.cpp">
      <Filter>Quelldateien</Filter>
    </ClCompile>
    <ClCompile Include="Engine\Components\Rigidbody2D.cpp">
      <Filter>Quelldateien</Filter>
    </ClCompile>
    <ClCompile Include="Engine\Components\Transform2D.cpp">
      <Filter>Quelldateien</Filter>
    </ClCompile>
    <ClCompile Include="Engine\Core\Application.cpp">
      <Filter>Quelldateien</Filter>
    </ClCompile>
    <ClCompile Include="Engine\Core\Window.cpp">
      <Filter>Quelldateien</Filter>
    </ClCompile>
    <ClCompile Include="Engine\Scene\Entity.cpp">
      <Filter>Quelldateien</Filter>
    </ClCompile>
    <ClCompile Include="Engine\Scene\Scene.cpp">
      <Filter>Quelldateien</Filter>
    </ClCompile>
    <ClCompile Include="Engine\Scene\SceneDefinition.cpp">
      <Filter>Quelldateien</Filter>
    </ClCompile>
    <ClCompile Include="Engine\Scene\SceneManager.cpp">
      <Filter>Quelldateien</Filter>
    </ClCompile>
    <ClCompile Include="Engine\Physics\Box2DWorld.cpp">
      <Filter>Quelldateien</Filter>
    </ClCompile>
    <ClCompile Include="Engine\Physics\Physics2D.cpp">
      <Filter>Quelldateien</Filter>
    </ClCompile>
    <ClCompile Include="Engine\Physics\PhysicsSystem.cpp">
      <Filter>Quelldateien</Filter>
    </ClCompile>
    <ClCompile Include="Engine\Physics\PhysicsUtility.cpp">
      <Filter>Quelldateien</Filter>
    </ClCompile>
    <ClCompile Include="Engine\Math\VectorMath.cpp">
      <Filter>Quelldateien</Filter>
    </ClCompile>
    <ClCompile Include="Engine\Graphics\Camera2D.cpp">
      <Filter>Quelldateien</Filter>
    </ClCompile>
    <ClCompile Include="Engine\Graphics\GizmoRenderer.cpp">
      <Filter>Quelldateien</Filter>
    </ClCompile>
    <ClCompile Include="Engine\Graphics\Gizmos.cpp">
      <Filter>Quelldateien</Filter>
    </ClCompile>
    <ClCompile Include="Engine\Graphics\QuadMesh.cpp">
      <Filter>Quelldateien</Filter>
    </ClCompile>
    <ClCompile Include="Engine\Graphics\RenderContext.cpp">
      <Filter>Quelldateien</Filter>
    </ClCompile>
    <ClCompile Include="Engine\Graphics\Renderer2D.cpp">
      <Filter>Quelldateien</Filter>
    </ClCompile>
    <ClCompile Include="Engine\Graphics\RenderResources.cpp">
      <Filter>Quelldateien</Filter>
    </ClCompile>
    <ClCompile Include="Engine\Graphics\Shader.cpp">
      <Filter>Quelldateien</Filter>
    </ClCompile>
    <ClCompile Include="Engine\Graphics\Texture2D.cpp">
      <Filter>Quelldateien</Filter>
    </ClCompile>
    <ClCompile Include="Engine\Graphics\TextureManager.cpp">
      <Filter>Quelldateien</Filter>
    </ClCompile>
    <ClCompile Include="Engine\GameSystem.cpp">
      <Filter>Quelldateien</Filter>
    </ClCompile>
    <ClCompile Include="Engine\GameSystem.cpp">
      <Filter>Quelldateien</Filter>
    </ClCompile>
    <ClCompile Include="Engine\glad.c">
      <Filter>Quelldateien</Filter>
    </ClCompile>
    <ClCompile Include="Engine\main.cpp">
      <Filter>Quelldateien</Filter>
    </ClCompile>
    <ClCompile Include="Engine\pch.cpp">
      <Filter>Quelldateien</Filter>
    </ClCompile>
    <ClCompile Include="Engine\Audio\Audio.cpp">
      <Filter>Quelldateien</Filter>
    </ClCompile>
    <ClCompile Include="Engine\Audio\AudioManager.cpp">
      <Filter>Quelldateien</Filter>
    </ClCompile>
    <ClCompile Include="Engine\Audio\AudioSource.cpp">
      <Filter>Quelldateien</Filter>
    </ClCompile>
    <ClCompile Include="Engine\Components\BoxCollider2D.cpp">
      <Filter>Quelldateien</Filter>
    </ClCompile>
    <ClCompile Include="Engine\Components\Collider2D.cpp">
      <Filter>Quelldateien</Filter>
    </ClCompile>
    <ClCompile Include="Engine\Components\ParticleSystem2D.cpp">
      <Filter>Quelldateien</Filter>
    </ClCompile>
    <ClCompile Include="Engine\Components\Rigidbody2D.cpp">
      <Filter>Quelldateien</Filter>
    </ClCompile>
    <ClCompile Include="Engine\Components\Transform2D.cpp">
      <Filter>Quelldateien</Filter>
    </ClCompile>
    <ClCompile Include="Engine\Math\VectorMath.cpp">
      <Filter>Quelldateien</Filter>
    </ClCompile>
    <ClCompile Include="Engine\Graphics\Camera2D.cpp">
      <Filter>Quelldateien</Filter>
    </ClCompile>
    <ClCompile Include="Engine\Graphics\GizmoRenderer.cpp">
      <Filter>Quelldateien</Filter>
    </ClCompile>
    <ClCompile Include="Engine\Graphics\Gizmos.cpp">
      <Filter>Quelldateien</Filter>
    </ClCompile>
    <ClCompile Include="Engine\Graphics\QuadMesh.cpp">
      <Filter>Quelldateien</Filter>
    </ClCompile>
    <ClCompile Include="Engine\Graphics\RenderContext.cpp">
      <Filter>Quelldateien</Filter>
    </ClCompile>
    <ClCompile Include="Engine\Graphics\Renderer2D.cpp">
      <Filter>Quelldateien</Filter>
    </ClCompile>
    <ClCompile Include="Engine\Graphics\RenderResources.cpp">
      <Filter>Quelldateien</Filter>
    </ClCompile>
    <ClCompile Include="Engine\Graphics\Shader.cpp">
      <Filter>Quelldateien</Filter>
    </ClCompile>
    <ClCompile Include="Engine\Graphics\Texture2D.cpp">
      <Filter>Quelldateien</Filter>
    </ClCompile>
    <ClCompile Include="Engine\Graphics\TextureManager.cpp">
      <Filter>Quelldateien</Filter>
    </ClCompile>
    <ClCompile Include="Engine\Core\Application.cpp">
      <Filter>Quelldateien</Filter>
    </ClCompile>
    <ClCompile Include="Engine\Core\Window.cpp">
      <Filter>Quelldateien</Filter>
    </ClCompile>
    <ClCompile Include="Engine\Physics\Box2DWorld.cpp">
      <Filter>Quelldateien</Filter>
    </ClCompile>
    <ClCompile Include="Engine\Physics\Physics2D.cpp">
      <Filter>Quelldateien</Filter>
    </ClCompile>
    <ClCompile Include="Engine\Physics\PhysicsSystem.cpp">
      <Filter>Quelldateien</Filter>
    </ClCompile>
    <ClCompile Include="Engine\Physics\PhysicsUtility.cpp">
      <Filter>Quelldateien</Filter>
    </ClCompile>
    <ClCompile Include="Engine\Scene\Entity.cpp">
      <Filter>Quelldateien</Filter>
    </ClCompile>
    <ClCompile Include="Engine\Scene\Scene.cpp">
      <Filter>Quelldateien</Filter>
    </ClCompile>
    <ClCompile Include="Engine\Scene\SceneDefinition.cpp">
      <Filter>Quelldateien</Filter>
    </ClCompile>
    <ClCompile Include="Engine\Scene\SceneManager.cpp">
      <Filter>Quelldateien</Filter>
    </ClCompile>
    <ClCompile Include="Engine\Debugging\Logger.cpp">
      <Filter>Quelldateien</Filter>
    </ClCompile>
    <ClCompile Include="Engine\Core\Input.cpp">
      <Filter>Quelldateien</Filter>
    </ClCompile>
    <ClCompile Include="Engine\Core\Time.cpp">
      <Filter>Quelldateien</Filter>
    </ClCompile>
  </ItemGroup>
  <ItemGroup>
    <ClInclude Include="Engine\pch.hpp">
      <Filter>Headerdateien</Filter>
    </ClInclude>
    <ClInclude Include="Engine\Audio\Audio.hpp">
      <Filter>Headerdateien</Filter>
    </ClInclude>
    <ClInclude Include="Engine\Audio\AudioHandle.hpp">
      <Filter>Headerdateien</Filter>
    </ClInclude>
    <ClInclude Include="Engine\Audio\AudioManager.hpp">
      <Filter>Headerdateien</Filter>
    </ClInclude>
    <ClInclude Include="Engine\Audio\AudioSource.hpp">
      <Filter>Headerdateien</Filter>
    </ClInclude>
    <ClInclude Include="Engine\Collections\AABB.hpp">
      <Filter>Headerdateien</Filter>
    </ClInclude>
    <ClInclude Include="Engine\Collections\Color.hpp">
      <Filter>Headerdateien</Filter>
    </ClInclude>
    <ClInclude Include="Engine\Collections\Mat2.hpp">
      <Filter>Headerdateien</Filter>
    </ClInclude>
    <ClInclude Include="Engine\Collections\Quaternion.hpp">
      <Filter>Headerdateien</Filter>
    </ClInclude>
    <ClInclude Include="Engine\Collections\Vec2.hpp">
      <Filter>Headerdateien</Filter>
    </ClInclude>
    <ClInclude Include="Engine\Collections\Vec4.hpp">
      <Filter>Headerdateien</Filter>
    </ClInclude>
    <ClInclude Include="Engine\Collections\Viewport.hpp">
      <Filter>Headerdateien</Filter>
    </ClInclude>
    <ClInclude Include="Engine\Components\BoxCollider2D.hpp">
      <Filter>Headerdateien</Filter>
    </ClInclude>
    <ClInclude Include="Engine\Components\Collider2D.hpp">
      <Filter>Headerdateien</Filter>
    </ClInclude>
    <ClInclude Include="Engine\Components\ComponentUtils.hpp">
      <Filter>Headerdateien</Filter>
    </ClInclude>
    <ClInclude Include="Engine\Components\ParticleSystem2D.hpp">
      <Filter>Headerdateien</Filter>
    </ClInclude>
    <ClInclude Include="Engine\Components\Rigidbody2D.hpp">
      <Filter>Headerdateien</Filter>
    </ClInclude>
    <ClInclude Include="Engine\Components\SpriteRenderer.hpp">
      <Filter>Headerdateien</Filter>
    </ClInclude>
    <ClInclude Include="Engine\Components\Tags.hpp">
      <Filter>Headerdateien</Filter>
    </ClInclude>
    <ClInclude Include="Engine\Components\Transform2D.hpp">
      <Filter>Headerdateien</Filter>
    </ClInclude>
    <ClInclude Include="Engine\Core\Application.hpp">
      <Filter>Headerdateien</Filter>
    </ClInclude>
    <ClInclude Include="Engine\Core\Input.hpp">
      <Filter>Headerdateien</Filter>
    </ClInclude>
    <ClInclude Include="Engine\Core\Window.hpp">
      <Filter>Headerdateien</Filter>
    </ClInclude>
    <ClInclude Include="Engine\Utils\Random.hpp">
      <Filter>Headerdateien</Filter>
    </ClInclude>
    <ClInclude Include="Engine\Utils\Serializer.hpp">
      <Filter>Headerdateien</Filter>
    </ClInclude>
    <ClInclude Include="Engine\Utils\Timer.hpp">
      <Filter>Headerdateien</Filter>
    </ClInclude>
    <ClInclude Include="Engine\Scene\Entity.hpp">
      <Filter>Headerdateien</Filter>
    </ClInclude>
    <ClInclude Include="Engine\Scene\EntityHandle.hpp">
      <Filter>Headerdateien</Filter>
    </ClInclude>
    <ClInclude Include="Engine\Scene\ISystem.hpp">
      <Filter>Headerdateien</Filter>
    </ClInclude>
    <ClInclude Include="Engine\Scene\Scene.hpp">
      <Filter>Headerdateien</Filter>
    </ClInclude>
    <ClInclude Include="Engine\Scene\SceneDefinition.hpp">
      <Filter>Headerdateien</Filter>
    </ClInclude>
    <ClInclude Include="Engine\Scene\SceneManager.hpp">
      <Filter>Headerdateien</Filter>
    </ClInclude>
    <ClInclude Include="Engine\Physics\Box2DWorld.hpp">
      <Filter>Headerdateien</Filter>
    </ClInclude>
    <ClInclude Include="Engine\Physics\Collision2D.hpp">
      <Filter>Headerdateien</Filter>
    </ClInclude>
    <ClInclude Include="Engine\Physics\CollisionDispatcher.hpp">
      <Filter>Headerdateien</Filter>
    </ClInclude>
    <ClInclude Include="Engine\Physics\Physics2D.hpp">
      <Filter>Headerdateien</Filter>
    </ClInclude>
    <ClInclude Include="Engine\Physics\PhysicsSystem.hpp">
      <Filter>Headerdateien</Filter>
    </ClInclude>
    <ClInclude Include="Engine\Physics\PhysicsTypes.hpp">
      <Filter>Headerdateien</Filter>
    </ClInclude>
    <ClInclude Include="Engine\Physics\PhysicsUtility.hpp">
      <Filter>Headerdateien</Filter>
    </ClInclude>
    <ClInclude Include="Engine\Math\Common.hpp">
      <Filter>Headerdateien</Filter>
    </ClInclude>
    <ClInclude Include="Engine\Math\Math.hpp">
      <Filter>Headerdateien</Filter>
    </ClInclude>
    <ClInclude Include="Engine\Math\Trigonometry.hpp">
      <Filter>Headerdateien</Filter>
    </ClInclude>
    <ClInclude Include="Engine\Math\VectorMath.hpp">
      <Filter>Headerdateien</Filter>
    </ClInclude>
    <ClInclude Include="Engine\Graphics\Camera2D.hpp">
      <Filter>Headerdateien</Filter>
    </ClInclude>
    <ClInclude Include="Engine\Graphics\GizmoRenderer.hpp">
      <Filter>Headerdateien</Filter>
    </ClInclude>
    <ClInclude Include="Engine\Graphics\Gizmos.hpp">
      <Filter>Headerdateien</Filter>
    </ClInclude>
    <ClInclude Include="Engine\Graphics\QuadMesh.hpp">
      <Filter>Headerdateien</Filter>
    </ClInclude>
    <ClInclude Include="Engine\Graphics\RenderContext.hpp">
      <Filter>Headerdateien</Filter>
    </ClInclude>
    <ClInclude Include="Engine\Graphics\Renderer2D.hpp">
      <Filter>Headerdateien</Filter>
    </ClInclude>
    <ClInclude Include="Engine\Graphics\RenderResources.hpp">
      <Filter>Headerdateien</Filter>
    </ClInclude>
    <ClInclude Include="Engine\Graphics\Shader.hpp">
      <Filter>Headerdateien</Filter>
    </ClInclude>
    <ClInclude Include="Engine\Graphics\Texture2D.hpp">
      <Filter>Headerdateien</Filter>
    </ClInclude>
    <ClInclude Include="Engine\Graphics\TextureHandle.hpp">
      <Filter>Headerdateien</Filter>
    </ClInclude>
    <ClInclude Include="Engine\Graphics\TextureManager.hpp">
      <Filter>Headerdateien</Filter>
    </ClInclude>
    <ClInclude Include="Engine\GameSystem.hpp">
      <Filter>Headerdateien</Filter>
    </ClInclude>
    <ClInclude Include="Engine\GameSystem.hpp">
      <Filter>Headerdateien</Filter>
    </ClInclude>
    <ClInclude Include="Engine\pch.hpp">
      <Filter>Headerdateien</Filter>
    </ClInclude>
    <ClInclude Include="Engine\Audio\Audio.hpp">
      <Filter>Headerdateien</Filter>
    </ClInclude>
    <ClInclude Include="Engine\Audio\AudioHandle.hpp">
      <Filter>Headerdateien</Filter>
    </ClInclude>
    <ClInclude Include="Engine\Audio\AudioManager.hpp">
      <Filter>Headerdateien</Filter>
    </ClInclude>
    <ClInclude Include="Engine\Audio\AudioSource.hpp">
      <Filter>Headerdateien</Filter>
    </ClInclude>
    <ClInclude Include="Engine\Collections\AABB.hpp">
      <Filter>Headerdateien</Filter>
    </ClInclude>
    <ClInclude Include="Engine\Collections\Color.hpp">
      <Filter>Headerdateien</Filter>
    </ClInclude>
    <ClInclude Include="Engine\Collections\Mat2.hpp">
      <Filter>Headerdateien</Filter>
    </ClInclude>
    <ClInclude Include="Engine\Collections\Quaternion.hpp">
      <Filter>Headerdateien</Filter>
    </ClInclude>
    <ClInclude Include="Engine\Collections\Vec2.hpp">
      <Filter>Headerdateien</Filter>
    </ClInclude>
    <ClInclude Include="Engine\Collections\Vec4.hpp">
      <Filter>Headerdateien</Filter>
    </ClInclude>
    <ClInclude Include="Engine\Collections\Viewport.hpp">
      <Filter>Headerdateien</Filter>
    </ClInclude>
    <ClInclude Include="Engine\Components\BoxCollider2D.hpp">
      <Filter>Headerdateien</Filter>
    </ClInclude>
    <ClInclude Include="Engine\Components\Collider2D.hpp">
      <Filter>Headerdateien</Filter>
    </ClInclude>
    <ClInclude Include="Engine\Components\ComponentUtils.hpp">
      <Filter>Headerdateien</Filter>
    </ClInclude>
    <ClInclude Include="Engine\Components\ParticleSystem2D.hpp">
      <Filter>Headerdateien</Filter>
    </ClInclude>
    <ClInclude Include="Engine\Components\Rigidbody2D.hpp">
      <Filter>Headerdateien</Filter>
    </ClInclude>
    <ClInclude Include="Engine\Components\SpriteRenderer.hpp">
      <Filter>Headerdateien</Filter>
    </ClInclude>
    <ClInclude Include="Engine\Components\Tags.hpp">
      <Filter>Headerdateien</Filter>
    </ClInclude>
    <ClInclude Include="Engine\Components\Transform2D.hpp">
      <Filter>Headerdateien</Filter>
    </ClInclude>
    <ClInclude Include="Engine\Math\Common.hpp">
      <Filter>Headerdateien</Filter>
    </ClInclude>
    <ClInclude Include="Engine\Math\Math.hpp">
      <Filter>Headerdateien</Filter>
    </ClInclude>
    <ClInclude Include="Engine\Math\Trigonometry.hpp">
      <Filter>Headerdateien</Filter>
    </ClInclude>
    <ClInclude Include="Engine\Math\VectorMath.hpp">
      <Filter>Headerdateien</Filter>
    </ClInclude>
    <ClInclude Include="Engine\Graphics\Camera2D.hpp">
      <Filter>Headerdateien</Filter>
    </ClInclude>
    <ClInclude Include="Engine\Graphics\GizmoRenderer.hpp">
      <Filter>Headerdateien</Filter>
    </ClInclude>
    <ClInclude Include="Engine\Graphics\Gizmos.hpp">
      <Filter>Headerdateien</Filter>
    </ClInclude>
    <ClInclude Include="Engine\Graphics\QuadMesh.hpp">
      <Filter>Headerdateien</Filter>
    </ClInclude>
    <ClInclude Include="Engine\Graphics\RenderContext.hpp">
      <Filter>Headerdateien</Filter>
    </ClInclude>
    <ClInclude Include="Engine\Graphics\Renderer2D.hpp">
      <Filter>Headerdateien</Filter>
    </ClInclude>
    <ClInclude Include="Engine\Graphics\RenderResources.hpp">
      <Filter>Headerdateien</Filter>
    </ClInclude>
    <ClInclude Include="Engine\Graphics\Shader.hpp">
      <Filter>Headerdateien</Filter>
    </ClInclude>
    <ClInclude Include="Engine\Graphics\Texture2D.hpp">
      <Filter>Headerdateien</Filter>
    </ClInclude>
    <ClInclude Include="Engine\Graphics\TextureHandle.hpp">
      <Filter>Headerdateien</Filter>
    </ClInclude>
    <ClInclude Include="Engine\Graphics\TextureManager.hpp">
      <Filter>Headerdateien</Filter>
    </ClInclude>
    <ClInclude Include="Engine\Core\Application.hpp">
      <Filter>Headerdateien</Filter>
    </ClInclude>
    <ClInclude Include="Engine\Core\Input.hpp">
      <Filter>Headerdateien</Filter>
    </ClInclude>
    <ClInclude Include="Engine\Core\Window.hpp">
      <Filter>Headerdateien</Filter>
    </ClInclude>
    <ClInclude Include="Engine\Physics\Box2DWorld.hpp">
      <Filter>Headerdateien</Filter>
    </ClInclude>
    <ClInclude Include="Engine\Physics\Collision2D.hpp">
      <Filter>Headerdateien</Filter>
    </ClInclude>
    <ClInclude Include="Engine\Physics\CollisionDispatcher.hpp">
      <Filter>Headerdateien</Filter>
    </ClInclude>
    <ClInclude Include="Engine\Physics\Physics2D.hpp">
      <Filter>Headerdateien</Filter>
    </ClInclude>
    <ClInclude Include="Engine\Physics\PhysicsSystem.hpp">
      <Filter>Headerdateien</Filter>
    </ClInclude>
    <ClInclude Include="Engine\Physics\PhysicsTypes.hpp">
      <Filter>Headerdateien</Filter>
    </ClInclude>
    <ClInclude Include="Engine\Physics\PhysicsUtility.hpp">
      <Filter>Headerdateien</Filter>
    </ClInclude>
    <ClInclude Include="Engine\Scene\Entity.hpp">
      <Filter>Headerdateien</Filter>
    </ClInclude>
    <ClInclude Include="Engine\Scene\EntityHandle.hpp">
      <Filter>Headerdateien</Filter>
    </ClInclude>
    <ClInclude Include="Engine\Scene\ISystem.hpp">
      <Filter>Headerdateien</Filter>
    </ClInclude>
    <ClInclude Include="Engine\Scene\Scene.hpp">
      <Filter>Headerdateien</Filter>
    </ClInclude>
    <ClInclude Include="Engine\Scene\SceneDefinition.hpp">
      <Filter>Headerdateien</Filter>
    </ClInclude>
    <ClInclude Include="Engine\Scene\SceneManager.hpp">
      <Filter>Headerdateien</Filter>
    </ClInclude>
    <ClInclude Include="Engine\Utils\Random.hpp">
      <Filter>Headerdateien</Filter>
    </ClInclude>
    <ClInclude Include="Engine\Utils\Serializer.hpp">
      <Filter>Headerdateien</Filter>
    </ClInclude>
    <ClInclude Include="Engine\Utils\Timer.hpp">
      <Filter>Headerdateien</Filter>
    </ClInclude>
    <ClInclude Include="Engine\Debugging\Logger.hpp">
      <Filter>Headerdateien</Filter>
    </ClInclude>
    <ClInclude Include="Engine\Core\KeyCodes.hpp">
      <Filter>Headerdateien</Filter>
    </ClInclude>
    <ClInclude Include="Engine\Core\Time.hpp">
      <Filter>Headerdateien</Filter>
    </ClInclude>
    <ClInclude Include="Engine\Bolt.hpp">
      <Filter>Headerdateien</Filter>
    </ClInclude>
  </ItemGroup>
</Project>